
Microsoft Visual Studio Solution File, Format Version 12.00
# Visual Studio 14
VisualStudioVersion = 14.0.25420.1
MinimumVisualStudioVersion = 10.0.40219.1
Project("{FAE04EC0-301F-11D3-BF4B-00C04F79EFBC}") = "FilmHaus", "FilmHaus\FilmHaus.csproj", "{E6CEE6DE-21FF-4490-B0E9-35D16FE88B38}"
EndProject
Project("{FAE04EC0-301F-11D3-BF4B-00C04F79EFBC}") = "FilmHaus.Tests", "FilmHaus.Tests\FilmHaus.Tests.csproj", "{C8520632-9750-47AB-B90A-3BD971B37753}"
EndProject
Project("{FAE04EC0-301F-11D3-BF4B-00C04F79EFBC}") = "FilmHaus.Localization", "FilmHaus.Localization\FilmHaus.Localization.csproj", "{76A34CF2-D8E5-427B-881B-098B7818DA89}"
EndProject
Global
	GlobalSection(SolutionConfigurationPlatforms) = preSolution
		Debug|Any CPU = Debug|Any CPU
		Release|Any CPU = Release|Any CPU
	EndGlobalSection
	GlobalSection(ProjectConfigurationPlatforms) = postSolution
		{E6CEE6DE-21FF-4490-B0E9-35D16FE88B38}.Debug|Any CPU.ActiveCfg = Debug|Any CPU
		{E6CEE6DE-21FF-4490-B0E9-35D16FE88B38}.Debug|Any CPU.Build.0 = Debug|Any CPU
		{E6CEE6DE-21FF-4490-B0E9-35D16FE88B38}.Release|Any CPU.ActiveCfg = Release|Any CPU
		{E6CEE6DE-21FF-4490-B0E9-35D16FE88B38}.Release|Any CPU.Build.0 = Release|Any CPU
		{C8520632-9750-47AB-B90A-3BD971B37753}.Debug|Any CPU.ActiveCfg = Debug|Any CPU
		{C8520632-9750-47AB-B90A-3BD971B37753}.Debug|Any CPU.Build.0 = Debug|Any CPU
		{C8520632-9750-47AB-B90A-3BD971B37753}.Release|Any CPU.ActiveCfg = Release|Any CPU
		{C8520632-9750-47AB-B90A-3BD971B37753}.Release|Any CPU.Build.0 = Release|Any CPU
		{76A34CF2-D8E5-427B-881B-098B7818DA89}.Debug|Any CPU.ActiveCfg = Debug|Any CPU
		{76A34CF2-D8E5-427B-881B-098B7818DA89}.Debug|Any CPU.Build.0 = Debug|Any CPU
		{76A34CF2-D8E5-427B-881B-098B7818DA89}.Release|Any CPU.ActiveCfg = Release|Any CPU
		{76A34CF2-D8E5-427B-881B-098B7818DA89}.Release|Any CPU.Build.0 = Release|Any CPU
	EndGlobalSection
	GlobalSection(SolutionProperties) = preSolution
		HideSolutionNode = FALSE
	EndGlobalSection
EndGlobal
